
Microsoft Visual Studio Solution File, Format Version 12.00
# Visual Studio Version 16
VisualStudioVersion = 25.0.1703.5
MinimumVisualStudioVersion = 10.0.40219.1
Project("{FAE04EC0-301F-11D3-BF4B-00C04F79EFBC}") = "Upcome.Api", "Upcome.Api\Upcome.Api.csproj", "{E27EA5BE-12EC-4ACA-8531-65DFB0C95982}"
EndProject
Project("{FAE04EC0-301F-11D3-BF4B-00C04F79EFBC}") = "Upcome.Domain", "Upcome.Domain\Upcome.Domain.csproj", "{DF462193-CD07-4871-BD5E-060D1CBC74D1}"
EndProject
Project("{FAE04EC0-301F-11D3-BF4B-00C04F79EFBC}") = "Upcome.Infrastructure", "Upcome.Infrastructure\Upcome.Infrastructure.csproj", "{9BD691DB-4ACA-48CB-9DA7-25EFAA723428}"
EndProject
Project("{FAE04EC0-301F-11D3-BF4B-00C04F79EFBC}") = "Upcome.Application", "Upcome.Application\Upcome.Application.csproj", "{943A2E94-C1FA-4E7E-A58B-02B033D48D13}"
EndProject
Global
	GlobalSection(SolutionConfigurationPlatforms) = preSolution
		Debug|Any CPU = Debug|Any CPU
		Release|Any CPU = Release|Any CPU
	EndGlobalSection
	GlobalSection(ProjectConfigurationPlatforms) = postSolution
		{E27EA5BE-12EC-4ACA-8531-65DFB0C95982}.Debug|Any CPU.ActiveCfg = Debug|Any CPU
		{E27EA5BE-12EC-4ACA-8531-65DFB0C95982}.Debug|Any CPU.Build.0 = Debug|Any CPU
		{E27EA5BE-12EC-4ACA-8531-65DFB0C95982}.Release|Any CPU.ActiveCfg = Release|Any CPU
		{E27EA5BE-12EC-4ACA-8531-65DFB0C95982}.Release|Any CPU.Build.0 = Release|Any CPU
		{DF462193-CD07-4871-BD5E-060D1CBC74D1}.Debug|Any CPU.ActiveCfg = Debug|Any CPU
		{DF462193-CD07-4871-BD5E-060D1CBC74D1}.Debug|Any CPU.Build.0 = Debug|Any CPU
		{DF462193-CD07-4871-BD5E-060D1CBC74D1}.Release|Any CPU.ActiveCfg = Release|Any CPU
		{DF462193-CD07-4871-BD5E-060D1CBC74D1}.Release|Any CPU.Build.0 = Release|Any CPU
		{9BD691DB-4ACA-48CB-9DA7-25EFAA723428}.Debug|Any CPU.ActiveCfg = Debug|Any CPU
		{9BD691DB-4ACA-48CB-9DA7-25EFAA723428}.Debug|Any CPU.Build.0 = Debug|Any CPU
		{9BD691DB-4ACA-48CB-9DA7-25EFAA723428}.Release|Any CPU.ActiveCfg = Release|Any CPU
		{9BD691DB-4ACA-48CB-9DA7-25EFAA723428}.Release|Any CPU.Build.0 = Release|Any CPU
		{943A2E94-C1FA-4E7E-A58B-02B033D48D13}.Debug|Any CPU.ActiveCfg = Debug|Any CPU
		{943A2E94-C1FA-4E7E-A58B-02B033D48D13}.Debug|Any CPU.Build.0 = Debug|Any CPU
		{943A2E94-C1FA-4E7E-A58B-02B033D48D13}.Release|Any CPU.ActiveCfg = Release|Any CPU
		{943A2E94-C1FA-4E7E-A58B-02B033D48D13}.Release|Any CPU.Build.0 = Release|Any CPU
	EndGlobalSection
	GlobalSection(SolutionProperties) = preSolution
		HideSolutionNode = FALSE
	EndGlobalSection
	GlobalSection(ExtensibilityGlobals) = postSolution
		SolutionGuid = {63A7A2C3-24BE-418A-8FBC-8C05133DE7A8}
	EndGlobalSection
EndGlobal
